
Microsoft Visual Studio Solution File, Format Version 12.00
# Visual Studio 15
VisualStudioVersion = 15.0.28307.438
MinimumVisualStudioVersion = 10.0.40219.1
Project("{FAE04EC0-301F-11D3-BF4B-00C04F79EFBC}") = "WebApplication1", "WebApplication1\WebApplication1.csproj", "{7261F0BD-B013-4D42-9EE6-A138EAAC5CD7}"
EndProject
Global
	GlobalSection(SolutionConfigurationPlatforms) = preSolution
		Debug|Any CPU = Debug|Any CPU
		Release|Any CPU = Release|Any CPU
	EndGlobalSection
	GlobalSection(ProjectConfigurationPlatforms) = postSolution
		{7261F0BD-B013-4D42-9EE6-A138EAAC5CD7}.Debug|Any CPU.ActiveCfg = Debug|Any CPU
		{7261F0BD-B013-4D42-9EE6-A138EAAC5CD7}.Debug|Any CPU.Build.0 = Debug|Any CPU
		{7261F0BD-B013-4D42-9EE6-A138EAAC5CD7}.Release|Any CPU.ActiveCfg = Release|Any CPU
		{7261F0BD-B013-4D42-9EE6-A138EAAC5CD7}.Release|Any CPU.Build.0 = Release|Any CPU
	EndGlobalSection
	GlobalSection(SolutionProperties) = preSolution
		HideSolutionNode = FALSE
	EndGlobalSection
	GlobalSection(ExtensibilityGlobals) = postSolution
		SolutionGuid = {30701E32-A9C3-4CB7-BFA1-EB5F00FBD7BB}
	EndGlobalSection
EndGlobal
